<?xml version="1.0" encoding="utf-8"?>
<Project ToolsVersion="4.0" xmlns="http://schemas.microsoft.com/developer/msbuild/2003">
  <ItemGroup>
    <Filter Include="Source Files">
      <UniqueIdentifier>{4FC737F1-C7A5-4376-A066-2A32D752A2FF}</UniqueIdentifier>
      <Extensions>cpp;c;cc;cxx;def;odl;idl;hpj;bat;asm;asmx</Extensions>
    </Filter>
    <Filter Include="Header Files">
      <UniqueIdentifier>{93995380-89BD-4b04-88EB-625FBE52EBFB}</UniqueIdentifier>
      <Extensions>h;hpp;hxx;hm;inl;inc;xsd</Extensions>
    </Filter>
    <Filter Include="Source Files\Elementary">
      <UniqueIdentifier>{b11e0c60-c14e-4460-ab23-e5e1e3d23af6}</UniqueIdentifier>
    </Filter>
    <Filter Include="Source Files\Elementary\Common">
      <UniqueIdentifier>{28e79e3f-5563-424e-b486-0803b4a89701}</UniqueIdentifier>
    </Filter>
    <Filter Include="Source Files\Game">
      <UniqueIdentifier>{c3db5852-fa1b-4d8c-b8c6-5c10080e667e}</UniqueIdentifier>
    </Filter>
    <Filter Include="Source Files\Game\SpaceObjects">
      <UniqueIdentifier>{417c77e2-c880-4562-9e44-991193bc4f0f}</UniqueIdentifier>
    </Filter>
    <Filter Include="Source Files\Game\SpaceDivisions">
      <UniqueIdentifier>{42831d2b-e29f-4d81-a41d-654453e8c707}</UniqueIdentifier>
    </Filter>
    <Filter Include="Source Files\Engine">
      <UniqueIdentifier>{af4d1842-d6cc-4ff3-8fcb-c6ddeaf4f9ca}</UniqueIdentifier>
    </Filter>
    <Filter Include="Source Files\Engine\Draw">
      <UniqueIdentifier>{d87f21a1-df87-4414-8661-25126de9e1ea}</UniqueIdentifier>
    </Filter>
    <Filter Include="Source Files\Engine\Shapes">
      <UniqueIdentifier>{eb968a5b-c0bb-46e8-b578-817eb50bc8ed}</UniqueIdentifier>
    </Filter>
    <Filter Include="Source Files\Elementary\TaskManager">
      <UniqueIdentifier>{cfee85d4-318b-4e78-a656-547d28b50c80}</UniqueIdentifier>
    </Filter>
    <Filter Include="Source Files\Elementary\SmartPointers">
      <UniqueIdentifier>{a5ba736c-d157-46f9-b270-e71f0e64aebe}</UniqueIdentifier>
    </Filter>
    <Filter Include="Resource Files">
      <UniqueIdentifier>{67DA6AB6-F800-4c08-8B7A-83BB121AAD01}</UniqueIdentifier>
      <Extensions>rc;ico;cur;bmp;dlg;rc2;rct;bin;rgs;gif;jpg;jpeg;jpe;resx;tiff;tif;png;wav;mfcribbon-ms</Extensions>
    </Filter>
    <Filter Include="Source Files\Engine\Shaders">
      <UniqueIdentifier>{350dc92f-d684-4701-a30e-2b07a9bbd72f}</UniqueIdentifier>
    </Filter>
    <Filter Include="Shaders">
      <UniqueIdentifier>{35436735-c25b-47f9-989c-c4563e91b799}</UniqueIdentifier>
    </Filter>
    <Filter Include="Source Files\Elementary\Math">
      <UniqueIdentifier>{84eaf45c-9569-4403-ae53-ecca1bc914f2}</UniqueIdentifier>
    </Filter>
    <Filter Include="Source Files\Engine\FileServer">
      <UniqueIdentifier>{01b5cf1c-ac1f-4a8d-b82a-e1786ef5c351}</UniqueIdentifier>
    </Filter>
    <Filter Include="Source Files\Engine\Textures">
      <UniqueIdentifier>{624f436c-a022-4109-bd5d-9daf78c5f136}</UniqueIdentifier>
    </Filter>
    <Filter Include="Source Files\Game\CoreCfg">
      <UniqueIdentifier>{e2ca7a2f-3067-4240-9d2e-87e1eaad19eb}</UniqueIdentifier>
    </Filter>
    <Filter Include="Source Files\Game\Camera">
      <UniqueIdentifier>{1fa13334-800a-46ff-8760-ebd00a6df27d}</UniqueIdentifier>
    </Filter>
    <Filter Include="Source Files\Engine\EngineCamera">
      <UniqueIdentifier>{be77601c-7866-4f3c-86c5-b593ad497c5e}</UniqueIdentifier>
    </Filter>
    <Filter Include="Source Files\Test">
      <UniqueIdentifier>{d62a6767-80e9-4fd6-a3d7-63e4f18d4f9e}</UniqueIdentifier>
    </Filter>
    <Filter Include="Source Files\Engine\UI">
      <UniqueIdentifier>{2c6352fb-54b6-4f8b-ad71-692f44beb582}</UniqueIdentifier>
    </Filter>
    <Filter Include="Source Files\Elementary\ItemsBankBase">
      <UniqueIdentifier>{409ca2d2-dbc3-4f06-88d9-5e4c7512ac6c}</UniqueIdentifier>
    </Filter>
    <Filter Include="Source Files\Game\SpaceObjects\Components">
      <UniqueIdentifier>{3be93acc-34bd-4cc5-95c3-30eaec3fcaea}</UniqueIdentifier>
    </Filter>
    <Filter Include="Source Files\Game\SpaceObjects\Components\UIHelperComponents">
      <UniqueIdentifier>{473cb758-3607-47b7-9e92-7c456e5cfcbb}</UniqueIdentifier>
    </Filter>
    <Filter Include="Source Files\Game\SpaceObjects\Components\MovementComponents">
      <UniqueIdentifier>{8465c57d-b7e0-4e78-8572-54f38bc4b9a0}</UniqueIdentifier>
    </Filter>
    <Filter Include="Source Files\Engine\Shaders\Effects">
      <UniqueIdentifier>{7813787b-adb5-4c4e-a7a4-4888a4abb051}</UniqueIdentifier>
    </Filter>
    <Filter Include="Source Files\Engine\Components">
      <UniqueIdentifier>{f81ebb4b-b1b6-4f54-902f-2de339f2eb45}</UniqueIdentifier>
    </Filter>
    <Filter Include="Source Files\Game\SpaceObjects\Components\GenericComponents">
      <UniqueIdentifier>{921691fb-d6f0-4634-a2d5-a3ab53d673f7}</UniqueIdentifier>
    </Filter>
  </ItemGroup>
  <ItemGroup>
    <ClCompile Include="Game\SpaceDivisions\Galaxy.cpp">
      <Filter>Source Files\Game\SpaceDivisions</Filter>
    </ClCompile>
    <ClCompile Include="Game\SpaceDivisions\Space.cpp">
      <Filter>Source Files\Game\SpaceDivisions</Filter>
    </ClCompile>
    <ClCompile Include="Game\SpaceDivisions\StarSystem.cpp">
      <Filter>Source Files\Game\SpaceDivisions</Filter>
    </ClCompile>
    <ClCompile Include="Engine\DX11Draw\DrawTask.cpp">
      <Filter>Source Files\Engine\Draw</Filter>
    </ClCompile>
    <ClCompile Include="Engine\DX11Draw\DX11Draw.cpp">
      <Filter>Source Files\Engine\Draw</Filter>
    </ClCompile>
    <ClCompile Include="Engine\Shaders\ShadersBank.cpp">
      <Filter>Source Files\Engine\Shaders</Filter>
    </ClCompile>
    <ClCompile Include="Engine\Shapes\Shape.cpp">
      <Filter>Source Files\Engine\Shapes</Filter>
    </ClCompile>
    <ClCompile Include="Engine\Shapes\ShapesBank.cpp">
      <Filter>Source Files\Engine\Shapes</Filter>
    </ClCompile>
    <ClCompile Include="Helios.cpp">
      <Filter>Source Files</Filter>
    </ClCompile>
    <ClCompile Include="Engine\Engine.cpp">
      <Filter>Source Files\Engine</Filter>
    </ClCompile>
    <ClCompile Include="Game\Game.cpp">
      <Filter>Source Files\Game</Filter>
    </ClCompile>
    <ClCompile Include="Engine\FileServer\FileServer.cpp">
      <Filter>Source Files\Engine\FileServer</Filter>
    </ClCompile>
    <ClCompile Include="Engine\FileServer\ParamItem.cpp">
      <Filter>Source Files\Engine\FileServer</Filter>
    </ClCompile>
    <ClCompile Include="Engine\DX11Draw\RenderObject.cpp">
      <Filter>Source Files\Engine\Draw</Filter>
    </ClCompile>
    <ClCompile Include="Engine\Textures\TexturesBank.cpp">
      <Filter>Source Files\Engine\Textures</Filter>
    </ClCompile>
    <ClCompile Include="Engine\Textures\Texture.cpp">
      <Filter>Source Files\Engine\Textures</Filter>
    </ClCompile>
    <ClCompile Include="Engine\Shaders\Shader.cpp">
      <Filter>Source Files\Engine\Shaders</Filter>
    </ClCompile>
    <ClCompile Include="Elementary\TaskManager\TaskManager.cpp">
      <Filter>Source Files\Elementary\TaskManager</Filter>
    </ClCompile>
    <ClCompile Include="Engine\DX11Draw\RenderManager.cpp">
      <Filter>Source Files\Engine\Draw</Filter>
    </ClCompile>
    <ClCompile Include="Engine\IGame.cpp">
      <Filter>Source Files\Engine</Filter>
    </ClCompile>
    <ClCompile Include="Game\Camera\Camera.cpp">
      <Filter>Source Files\Game\Camera</Filter>
    </ClCompile>
    <ClCompile Include="Engine\EngineCamera\ECamera.cpp">
      <Filter>Source Files\Engine\EngineCamera</Filter>
    </ClCompile>
    <ClCompile Include="Test\Test.cpp">
      <Filter>Source Files\Test</Filter>
    </ClCompile>
    <ClCompile Include="Engine\UI\UI.cpp">
      <Filter>Source Files\Engine\UI</Filter>
    </ClCompile>
    <ClCompile Include="Game\Entity.cpp">
      <Filter>Source Files\Game</Filter>
    </ClCompile>
    <ClCompile Include="Game\SpaceObjects\Components\MovementComponents\OrbiterSimulation.cpp">
      <Filter>Source Files\Game\SpaceObjects\Components\MovementComponents</Filter>
    </ClCompile>
    <ClCompile Include="Game\SpaceObjects\Components\MovementComponents\PlainSimulation.cpp">
      <Filter>Source Files\Game\SpaceObjects\Components\MovementComponents</Filter>
    </ClCompile>
    <ClCompile Include="Game\SpaceObjects\Components\MovementComponents\StarSimulation.cpp">
      <Filter>Source Files\Game\SpaceObjects\Components\MovementComponents</Filter>
    </ClCompile>
    <ClCompile Include="Game\SpaceObjects\Components\MovementComponents\StarSystemSimulation.cpp">
      <Filter>Source Files\Game\SpaceObjects\Components\MovementComponents</Filter>
    </ClCompile>
    <ClCompile Include="Game\SpaceObjects\Components\UIHelperComponents\UIBasicInfo.cpp">
      <Filter>Source Files\Game\SpaceObjects\Components\UIHelperComponents</Filter>
    </ClCompile>
    <ClCompile Include="Engine\Components\ComponentHolder.cpp">
      <Filter>Source Files\Engine\Components</Filter>
    </ClCompile>
    <ClCompile Include="Engine\Components\Component.cpp">
      <Filter>Source Files\Engine\Components</Filter>
    </ClCompile>
    <ClCompile Include="Engine\Components\ComponentType.cpp">
      <Filter>Source Files\Engine\Components</Filter>
    </ClCompile>
    <ClCompile Include="Engine\Components\ComponentManager.cpp">
      <Filter>Source Files\Engine\Components</Filter>
    </ClCompile>
    <ClCompile Include="Game\SpaceObjects\Components\UIHelperComponents\EntityIconComponent.cpp">
      <Filter>Source Files\Game\SpaceObjects\Components\UIHelperComponents</Filter>
    </ClCompile>
    <ClCompile Include="Game\SpaceObjects\Components\UIHelperComponents\EntityOrbitComponent.cpp">
      <Filter>Source Files\Game\SpaceObjects\Components\UIHelperComponents</Filter>
    </ClCompile>
    <ClCompile Include="Game\SpaceObjects\Components\GenericComponents\OrbitersComponent.cpp">
      <Filter>Source Files\Game\SpaceObjects\Components\GenericComponents</Filter>
    </ClCompile>
  </ItemGroup>
  <ItemGroup>
    <ClInclude Include="resource.h">
      <Filter>Resource Files</Filter>
    </ClInclude>
    <ClInclude Include="Elementary\Types.h">
      <Filter>Source Files\Elementary</Filter>
    </ClInclude>
    <ClInclude Include="Elementary\dynCast.h">
      <Filter>Source Files\Elementary</Filter>
    </ClInclude>
    <ClInclude Include="Elementary\PerfLog.h">
      <Filter>Source Files\Elementary\Common</Filter>
    </ClInclude>
    <ClInclude Include="Elementary\LogF.h">
      <Filter>Source Files\Elementary\Common</Filter>
    </ClInclude>
    <ClInclude Include="Elementary\Assert.h">
      <Filter>Source Files\Elementary\Common</Filter>
    </ClInclude>
    <ClInclude Include="Game\SpaceDivisions\Galaxy.h">
      <Filter>Source Files\Game\SpaceDivisions</Filter>
    </ClInclude>
    <ClInclude Include="Game\SpaceDivisions\Space.h">
      <Filter>Source Files\Game\SpaceDivisions</Filter>
    </ClInclude>
    <ClInclude Include="Game\SpaceDivisions\StarSystem.h">
      <Filter>Source Files\Game\SpaceDivisions</Filter>
    </ClInclude>
    <ClInclude Include="Engine\DX11Draw\DrawTask.h">
      <Filter>Source Files\Engine\Draw</Filter>
    </ClInclude>
    <ClInclude Include="Engine\DX11Draw\DX11Draw.h">
      <Filter>Source Files\Engine\Draw</Filter>
    </ClInclude>
    <ClInclude Include="Engine\DX11Draw\DX11DrawTypes.h">
      <Filter>Source Files\Engine\Draw</Filter>
    </ClInclude>
    <ClInclude Include="Engine\Shaders\ShadersBank.h">
      <Filter>Source Files\Engine\Shaders</Filter>
    </ClInclude>
    <ClInclude Include="Engine\Shapes\Shape.h">
      <Filter>Source Files\Engine\Shapes</Filter>
    </ClInclude>
    <ClInclude Include="Engine\Shapes\ShapesBank.h">
      <Filter>Source Files\Engine\Shapes</Filter>
    </ClInclude>
    <ClInclude Include="Common.h">
      <Filter>Source Files</Filter>
    </ClInclude>
    <ClInclude Include="Elementary\Matrix4.h">
      <Filter>Source Files\Elementary\Math</Filter>
    </ClInclude>
    <ClInclude Include="Elementary\Singleton.h">
      <Filter>Source Files\Elementary\Common</Filter>
    </ClInclude>
    <ClInclude Include="Engine\Engine.h">
      <Filter>Source Files\Engine</Filter>
    </ClInclude>
    <ClInclude Include="Game\Game.h">
      <Filter>Source Files\Game</Filter>
    </ClInclude>
    <ClInclude Include="Engine\FileServer\FileServer.h">
      <Filter>Source Files\Engine\FileServer</Filter>
    </ClInclude>
    <ClInclude Include="Engine\FileServer\ParamItem.h">
      <Filter>Source Files\Engine\FileServer</Filter>
    </ClInclude>
    <ClInclude Include="Engine\DX11Draw\RenderObject.h">
      <Filter>Source Files\Engine\Draw</Filter>
    </ClInclude>
    <ClInclude Include="Engine\Textures\TexturesBank.h">
      <Filter>Source Files\Engine\Textures</Filter>
    </ClInclude>
    <ClInclude Include="Engine\Textures\Texture.h">
      <Filter>Source Files\Engine\Textures</Filter>
    </ClInclude>
    <ClInclude Include="Engine\Shaders\Shader.h">
      <Filter>Source Files\Engine\Shaders</Filter>
    </ClInclude>
    <ClInclude Include="Elementary\TaskManager\TaskManager.h">
      <Filter>Source Files\Elementary\TaskManager</Filter>
    </ClInclude>
    <ClInclude Include="Engine\DX11Draw\RenderManager.h">
      <Filter>Source Files\Engine\Draw</Filter>
    </ClInclude>
    <ClInclude Include="Engine\IGame.h">
      <Filter>Source Files\Engine</Filter>
    </ClInclude>
    <ClInclude Include="Game\Camera\Camera.h">
      <Filter>Source Files\Game\Camera</Filter>
    </ClInclude>
    <ClInclude Include="Engine\EngineCamera\ECamera.h">
      <Filter>Source Files\Engine\EngineCamera</Filter>
    </ClInclude>
    <ClInclude Include="Test\Test.h">
      <Filter>Source Files\Test</Filter>
    </ClInclude>
    <ClInclude Include="Engine\UI\UI.h">
      <Filter>Source Files\Engine\UI</Filter>
    </ClInclude>
    <ClInclude Include="Elementary\NoCopy.h">
      <Filter>Source Files\Elementary\Common</Filter>
    </ClInclude>
    <ClInclude Include="Elementary\Color.h">
      <Filter>Source Files\Elementary\Common</Filter>
    </ClInclude>
    <ClInclude Include="Game\Entity.h">
      <Filter>Source Files\Game</Filter>
    </ClInclude>
    <ClInclude Include="Elementary\IItemsBank\ItemsBankBase.h">
      <Filter>Source Files\Elementary\ItemsBankBase</Filter>
    </ClInclude>
    <ClInclude Include="Elementary\SmartPointers\InitPtr.h">
      <Filter>Source Files\Elementary\SmartPointers</Filter>
    </ClInclude>
    <ClInclude Include="Elementary\SmartPointers\Ref.h">
      <Filter>Source Files\Elementary\SmartPointers</Filter>
    </ClInclude>
    <ClInclude Include="Elementary\SmartPointers\SoftLink.h">
      <Filter>Source Files\Elementary\SmartPointers</Filter>
    </ClInclude>
    <ClInclude Include="Elementary\SmartPointers\SRef.h">
      <Filter>Source Files\Elementary\SmartPointers</Filter>
    </ClInclude>
    <ClInclude Include="Game\SpaceObjects\Components\MovementComponents\OrbiterSimulation.h">
      <Filter>Source Files\Game\SpaceObjects\Components\MovementComponents</Filter>
    </ClInclude>
    <ClInclude Include="Game\SpaceObjects\Components\MovementComponents\PlainSimulation.h">
      <Filter>Source Files\Game\SpaceObjects\Components\MovementComponents</Filter>
    </ClInclude>
    <ClInclude Include="Game\SpaceObjects\Components\MovementComponents\StarSimulation.h">
      <Filter>Source Files\Game\SpaceObjects\Components\MovementComponents</Filter>
    </ClInclude>
    <ClInclude Include="Game\SpaceObjects\Components\MovementComponents\StarSystemSimulation.h">
      <Filter>Source Files\Game\SpaceObjects\Components\MovementComponents</Filter>
    </ClInclude>
    <ClInclude Include="Game\SpaceObjects\Components\UIHelperComponents\UIBasicInfo.h">
      <Filter>Source Files\Game\SpaceObjects\Components\UIHelperComponents</Filter>
    </ClInclude>
    <ClInclude Include="Engine\Components\ComponentHolder.h">
      <Filter>Source Files\Engine\Components</Filter>
    </ClInclude>
    <ClInclude Include="Engine\Components\Component.h">
      <Filter>Source Files\Engine\Components</Filter>
    </ClInclude>
    <ClInclude Include="Engine\Components\ComponentType.h">
      <Filter>Source Files\Engine\Components</Filter>
    </ClInclude>
    <ClInclude Include="Engine\Components\ComponentManager.h">
      <Filter>Source Files\Engine\Components</Filter>
    </ClInclude>
    <ClInclude Include="Game\SpaceObjects\Components\UIHelperComponents\EntityIconComponent.h">
      <Filter>Source Files\Game\SpaceObjects\Components\UIHelperComponents</Filter>
    </ClInclude>
    <ClInclude Include="Game\SpaceObjects\Components\UIHelperComponents\EntityOrbitComponent.h">
      <Filter>Source Files\Game\SpaceObjects\Components\UIHelperComponents</Filter>
    </ClInclude>
    <ClInclude Include="Game\SpaceObjects\Components\GenericComponents\OrbitersComponent.h">
      <Filter>Source Files\Game\SpaceObjects\Components\GenericComponents</Filter>
    </ClInclude>
    <ClInclude Include="Elementary\ClassFactory.h">
      <Filter>Source Files\Elementary</Filter>
    </ClInclude>
  </ItemGroup>
  <ItemGroup>
    <CustomBuild Include="Game\CoreCfg\core.hcf">
      <Filter>Source Files\Game\CoreCfg</Filter>
    </CustomBuild>
    <CustomBuild Include="Game\CoreCfg\space.hcf">
      <Filter>Source Files\Game\CoreCfg</Filter>
    </CustomBuild>
    <CustomBuild Include="Game\CoreCfg\stars.hcf">
      <Filter>Source Files\Game\CoreCfg</Filter>
    </CustomBuild>
    <CustomBuild Include="Game\CoreCfg\planets.hcf">
      <Filter>Source Files\Game\CoreCfg</Filter>
    </CustomBuild>
    <CustomBuild Include="Game\CoreCfg\typesInfo.hcf">
      <Filter>Source Files\Game\CoreCfg</Filter>
    </CustomBuild>
    <CustomBuild Include="Engine\Shaders\Effects\Star.fx">
      <Filter>Source Files\Engine\Shaders\Effects</Filter>
    </CustomBuild>
    <CustomBuild Include="Engine\Shaders\Effects\Planet.fx">
      <Filter>Source Files\Engine\Shaders\Effects</Filter>
    </CustomBuild>
    <CustomBuild Include="Engine\Shaders\Effects\Line.fx">
      <Filter>Source Files\Engine\Shaders\Effects</Filter>
    </CustomBuild>
    <CustomBuild Include="Engine\Shaders\Effects\Icon.fx">
      <Filter>Source Files\Engine\Shaders\Effects</Filter>
    </CustomBuild>
    <CustomBuild Include="Engine\Shaders\Effects\Atmosphere.fx">
      <Filter>Source Files\Engine\Shaders\Effects</Filter>
    </CustomBuild>
  </ItemGroup>
  <ItemGroup>
    <FxCompile Include="Engine\Shaders\Effects\StarSky.fx">
      <Filter>Source Files\Engine\Shaders\Effects</Filter>
    </FxCompile>
  </ItemGroup>
</Project>